
Microsoft Visual Studio Solution File, Format Version 12.00
# Visual Studio 15
VisualStudioVersion = 15.0.28307.168
MinimumVisualStudioVersion = 10.0.40219.1
Project("{FAE04EC0-301F-11D3-BF4B-00C04F79EFBC}") = "NetNote", "NetNote\NetNote.csproj", "{8BA449B7-AFC3-4BBE-8D12-10545C4E29BA}"
EndProject
Global
	GlobalSection(SolutionConfigurationPlatforms) = preSolution
		Debug|Any CPU = Debug|Any CPU
		Release|Any CPU = Release|Any CPU
	EndGlobalSection
	GlobalSection(ProjectConfigurationPlatforms) = postSolution
		{8BA449B7-AFC3-4BBE-8D12-10545C4E29BA}.Debug|Any CPU.ActiveCfg = Debug|Any CPU
		{8BA449B7-AFC3-4BBE-8D12-10545C4E29BA}.Debug|Any CPU.Build.0 = Debug|Any CPU
		{8BA449B7-AFC3-4BBE-8D12-10545C4E29BA}.Release|Any CPU.ActiveCfg = Release|Any CPU
		{8BA449B7-AFC3-4BBE-8D12-10545C4E29BA}.Release|Any CPU.Build.0 = Release|Any CPU
	EndGlobalSection
	GlobalSection(SolutionProperties) = preSolution
		HideSolutionNode = FALSE
	EndGlobalSection
	GlobalSection(ExtensibilityGlobals) = postSolution
		SolutionGuid = {BA3AFDB0-37E0-4C6C-8463-8FAAA45BB867}
	EndGlobalSection
EndGlobal
