
Microsoft Visual Studio Solution File, Format Version 12.00
# Visual Studio 15
VisualStudioVersion = 15.0.28307.168
MinimumVisualStudioVersion = 10.0.40219.1
Project("{FAE04EC0-301F-11D3-BF4B-00C04F79EFBC}") = "AutoSEO", "AutoSEO\AutoSEO.csproj", "{43359514-5C30-46BA-9E04-04EBD00A0A17}"
EndProject
Global
	GlobalSection(SolutionConfigurationPlatforms) = preSolution
		Debug|Any CPU = Debug|Any CPU
		Release|Any CPU = Release|Any CPU
	EndGlobalSection
	GlobalSection(ProjectConfigurationPlatforms) = postSolution
		{43359514-5C30-46BA-9E04-04EBD00A0A17}.Debug|Any CPU.ActiveCfg = Debug|Any CPU
		{43359514-5C30-46BA-9E04-04EBD00A0A17}.Debug|Any CPU.Build.0 = Debug|Any CPU
		{43359514-5C30-46BA-9E04-04EBD00A0A17}.Release|Any CPU.ActiveCfg = Release|Any CPU
		{43359514-5C30-46BA-9E04-04EBD00A0A17}.Release|Any CPU.Build.0 = Release|Any CPU
	EndGlobalSection
	GlobalSection(SolutionProperties) = preSolution
		HideSolutionNode = FALSE
	EndGlobalSection
	GlobalSection(ExtensibilityGlobals) = postSolution
		SolutionGuid = {8BCD1CBD-2723-42BE-8BF7-F4FA43933940}
	EndGlobalSection
EndGlobal
