
Microsoft Visual Studio Solution File, Format Version 12.00
# Visual Studio Version 16
VisualStudioVersion = 16.0.29326.143
MinimumVisualStudioVersion = 10.0.40219.1
Project("{FAE04EC0-301F-11D3-BF4B-00C04F79EFBC}") = "JwtApiDemo", "JwtApiDemo.csproj", "{EEE38DF2-0161-4F01-9919-D8650C0CECF6}"
EndProject
Global
	GlobalSection(SolutionConfigurationPlatforms) = preSolution
		Debug|Any CPU = Debug|Any CPU
		Release|Any CPU = Release|Any CPU
	EndGlobalSection
	GlobalSection(ProjectConfigurationPlatforms) = postSolution
		{EEE38DF2-0161-4F01-9919-D8650C0CECF6}.Debug|Any CPU.ActiveCfg = Debug|Any CPU
		{EEE38DF2-0161-4F01-9919-D8650C0CECF6}.Debug|Any CPU.Build.0 = Debug|Any CPU
		{EEE38DF2-0161-4F01-9919-D8650C0CECF6}.Release|Any CPU.ActiveCfg = Release|Any CPU
		{EEE38DF2-0161-4F01-9919-D8650C0CECF6}.Release|Any CPU.Build.0 = Release|Any CPU
	EndGlobalSection
	GlobalSection(SolutionProperties) = preSolution
		HideSolutionNode = FALSE
	EndGlobalSection
	GlobalSection(ExtensibilityGlobals) = postSolution
		SolutionGuid = {4A46D8E7-26CF-47F1-8106-A02A352B5222}
	EndGlobalSection
EndGlobal
