
Microsoft Visual Studio Solution File, Format Version 12.00
# Visual Studio 15
VisualStudioVersion = 15.0.28307.168
MinimumVisualStudioVersion = 10.0.40219.1
Project("{FAE04EC0-301F-11D3-BF4B-00C04F79EFBC}") = "MoreLanguage", "MoreLanguage\MoreLanguage.csproj", "{7A957DF6-45E4-44AF-AAB1-0BFA9F2078EB}"
EndProject
Global
	GlobalSection(SolutionConfigurationPlatforms) = preSolution
		Debug|Any CPU = Debug|Any CPU
		Release|Any CPU = Release|Any CPU
	EndGlobalSection
	GlobalSection(ProjectConfigurationPlatforms) = postSolution
		{7A957DF6-45E4-44AF-AAB1-0BFA9F2078EB}.Debug|Any CPU.ActiveCfg = Debug|Any CPU
		{7A957DF6-45E4-44AF-AAB1-0BFA9F2078EB}.Debug|Any CPU.Build.0 = Debug|Any CPU
		{7A957DF6-45E4-44AF-AAB1-0BFA9F2078EB}.Release|Any CPU.ActiveCfg = Release|Any CPU
		{7A957DF6-45E4-44AF-AAB1-0BFA9F2078EB}.Release|Any CPU.Build.0 = Release|Any CPU
	EndGlobalSection
	GlobalSection(SolutionProperties) = preSolution
		HideSolutionNode = FALSE
	EndGlobalSection
	GlobalSection(ExtensibilityGlobals) = postSolution
		SolutionGuid = {E8C1B7B9-326E-440D-B9A1-CBEC64983BD5}
	EndGlobalSection
EndGlobal
