
Microsoft Visual Studio Solution File, Format Version 12.00
# Visual Studio 15
VisualStudioVersion = 15.0.28307.168
MinimumVisualStudioVersion = 10.0.40219.1
Project("{9A19103F-16F7-4668-BE54-9A1E7A4F7556}") = "TestCoreProject", "TestProject\TestCoreProject.csproj", "{FCA0A5DF-DB00-42EA-ACC8-0D20D18AFA3F}"
EndProject
Project("{FAE04EC0-301F-11D3-BF4B-00C04F79EFBC}") = "TestFrameworkProject", "TestFrameworkProject\TestFrameworkProject.csproj", "{9FEC08AE-0391-4F34-AA5E-C01C24A65A88}"
EndProject
Global
	GlobalSection(SolutionConfigurationPlatforms) = preSolution
		Debug|Any CPU = Debug|Any CPU
		Release|Any CPU = Release|Any CPU
	EndGlobalSection
	GlobalSection(ProjectConfigurationPlatforms) = postSolution
		{FCA0A5DF-DB00-42EA-ACC8-0D20D18AFA3F}.Debug|Any CPU.ActiveCfg = Debug|Any CPU
		{FCA0A5DF-DB00-42EA-ACC8-0D20D18AFA3F}.Debug|Any CPU.Build.0 = Debug|Any CPU
		{FCA0A5DF-DB00-42EA-ACC8-0D20D18AFA3F}.Release|Any CPU.ActiveCfg = Release|Any CPU
		{FCA0A5DF-DB00-42EA-ACC8-0D20D18AFA3F}.Release|Any CPU.Build.0 = Release|Any CPU
		{9FEC08AE-0391-4F34-AA5E-C01C24A65A88}.Debug|Any CPU.ActiveCfg = Debug|Any CPU
		{9FEC08AE-0391-4F34-AA5E-C01C24A65A88}.Debug|Any CPU.Build.0 = Debug|Any CPU
		{9FEC08AE-0391-4F34-AA5E-C01C24A65A88}.Release|Any CPU.ActiveCfg = Release|Any CPU
		{9FEC08AE-0391-4F34-AA5E-C01C24A65A88}.Release|Any CPU.Build.0 = Release|Any CPU
	EndGlobalSection
	GlobalSection(SolutionProperties) = preSolution
		HideSolutionNode = FALSE
	EndGlobalSection
	GlobalSection(ExtensibilityGlobals) = postSolution
		SolutionGuid = {48C45A4D-1583-4A39-A32D-CB069D47749E}
	EndGlobalSection
EndGlobal
